// !$*UTF8*$!
{
	archiveVersion = 1;
	classes = {
	};
	objectVersion = 51;
	objects = {

/* Begin PBXBuildFile section */
		10703BC22468DA91006DDA09 /* AppDelegate.swift in Sources */ = {isa = PBXBuildFile; fileRef = 10703BC12468DA91006DDA09 /* AppDelegate.swift */; };
		10703BC42468DA91006DDA09 /* SceneDelegate.swift in Sources */ = {isa = PBXBuildFile; fileRef = 10703BC32468DA91006DDA09 /* SceneDelegate.swift */; };
		10703BC92468DA91006DDA09 /* Main.storyboard in Resources */ = {isa = PBXBuildFile; fileRef = 10703BC72468DA91006DDA09 /* Main.storyboard */; };
		10703BCB2468DA92006DDA09 /* Assets.xcassets in Resources */ = {isa = PBXBuildFile; fileRef = 10703BCA2468DA92006DDA09 /* Assets.xcassets */; };
		10703BCE2468DA92006DDA09 /* LaunchScreen.storyboard in Resources */ = {isa = PBXBuildFile; fileRef = 10703BCC2468DA92006DDA09 /* LaunchScreen.storyboard */; };
		10703BDE2468DB05006DDA09 /* ConversationsController.swift in Sources */ = {isa = PBXBuildFile; fileRef = 10703BDD2468DB05006DDA09 /* ConversationsController.swift */; };
		10703BE12468E0BD006DDA09 /* LoginController.swift in Sources */ = {isa = PBXBuildFile; fileRef = 10703BE02468E0BD006DDA09 /* LoginController.swift */; };
		10703BE32468E0C7006DDA09 /* RegistrationController.swift in Sources */ = {isa = PBXBuildFile; fileRef = 10703BE22468E0C7006DDA09 /* RegistrationController.swift */; };
		10703BE52468E35D006DDA09 /* Extensions.swift in Sources */ = {isa = PBXBuildFile; fileRef = 10703BE42468E35D006DDA09 /* Extensions.swift */; };
		10703BE72468ECF1006DDA09 /* InputContainer.swift in Sources */ = {isa = PBXBuildFile; fileRef = 10703BE62468ECF1006DDA09 /* InputContainer.swift */; };
		10703BE92468EF67006DDA09 /* CustomTextField.swift in Sources */ = {isa = PBXBuildFile; fileRef = 10703BE82468EF67006DDA09 /* CustomTextField.swift */; };
		10703BEB24698AD0006DDA09 /* CustomButton.swift in Sources */ = {isa = PBXBuildFile; fileRef = 10703BEA24698AD0006DDA09 /* CustomButton.swift */; };
		10703BED2469BA02006DDA09 /* LoginViewModel.swift in Sources */ = {isa = PBXBuildFile; fileRef = 10703BEC2469BA02006DDA09 /* LoginViewModel.swift */; };
		10703BEF2469C1C9006DDA09 /* RegistrationViewModel.swift in Sources */ = {isa = PBXBuildFile; fileRef = 10703BEE2469C1C9006DDA09 /* RegistrationViewModel.swift */; };
		10703BF42469F418006DDA09 /* GoogleService-Info.plist in Resources */ = {isa = PBXBuildFile; fileRef = 10703BF32469F418006DDA09 /* GoogleService-Info.plist */; };
		10703BF6246A2B7E006DDA09 /* AuthService.swift in Sources */ = {isa = PBXBuildFile; fileRef = 10703BF5246A2B7E006DDA09 /* AuthService.swift */; };
		10703BF8246B7428006DDA09 /* NewMessageController.swift in Sources */ = {isa = PBXBuildFile; fileRef = 10703BF7246B7428006DDA09 /* NewMessageController.swift */; };
		10703BFA246B77AE006DDA09 /* UserCell.swift in Sources */ = {isa = PBXBuildFile; fileRef = 10703BF9246B77AE006DDA09 /* UserCell.swift */; };
		42A0AC2F143548CD9B3D8EAE /* Pods_FireChat.framework in Frameworks */ = {isa = PBXBuildFile; fileRef = A0A3D11BC946B551217F8E76 /* Pods_FireChat.framework */; };
/* End PBXBuildFile section */

/* Begin PBXFileReference section */
		10703BBE2468DA91006DDA09 /* FireChat.app */ = {isa = PBXFileReference; explicitFileType = wrapper.application; includeInIndex = 0; path = FireChat.app; sourceTree = BUILT_PRODUCTS_DIR; };
		10703BC12468DA91006DDA09 /* AppDelegate.swift */ = {isa = PBXFileReference; lastKnownFileType = sourcecode.swift; path = AppDelegate.swift; sourceTree = "<group>"; };
		10703BC32468DA91006DDA09 /* SceneDelegate.swift */ = {isa = PBXFileReference; lastKnownFileType = sourcecode.swift; path = SceneDelegate.swift; sourceTree = "<group>"; };
		10703BC82468DA91006DDA09 /* Base */ = {isa = PBXFileReference; lastKnownFileType = file.storyboard; name = Base; path = Base.lproj/Main.storyboard; sourceTree = "<group>"; };
		10703BCA2468DA92006DDA09 /* Assets.xcassets */ = {isa = PBXFileReference; lastKnownFileType = folder.assetcatalog; path = Assets.xcassets; sourceTree = "<group>"; };
		10703BCD2468DA92006DDA09 /* Base */ = {isa = PBXFileReference; lastKnownFileType = file.storyboard; name = Base; path = Base.lproj/LaunchScreen.storyboard; sourceTree = "<group>"; };
		10703BCF2468DA92006DDA09 /* Info.plist */ = {isa = PBXFileReference; lastKnownFileType = text.plist.xml; path = Info.plist; sourceTree = "<group>"; };
		10703BDD2468DB05006DDA09 /* ConversationsController.swift */ = {isa = PBXFileReference; lastKnownFileType = sourcecode.swift; path = ConversationsController.swift; sourceTree = "<group>"; };
		10703BE02468E0BD006DDA09 /* LoginController.swift */ = {isa = PBXFileReference; lastKnownFileType = sourcecode.swift; path = LoginController.swift; sourceTree = "<group>"; };
		10703BE22468E0C7006DDA09 /* RegistrationController.swift */ = {isa = PBXFileReference; lastKnownFileType = sourcecode.swift; path = RegistrationController.swift; sourceTree = "<group>"; };
		10703BE42468E35D006DDA09 /* Extensions.swift */ = {isa = PBXFileReference; lastKnownFileType = sourcecode.swift; path = Extensions.swift; sourceTree = "<group>"; };
		10703BE62468ECF1006DDA09 /* InputContainer.swift */ = {isa = PBXFileReference; lastKnownFileType = sourcecode.swift; path = InputContainer.swift; sourceTree = "<group>"; };
		10703BE82468EF67006DDA09 /* CustomTextField.swift */ = {isa = PBXFileReference; lastKnownFileType = sourcecode.swift; path = CustomTextField.swift; sourceTree = "<group>"; };
		10703BEA24698AD0006DDA09 /* CustomButton.swift */ = {isa = PBXFileReference; lastKnownFileType = sourcecode.swift; path = CustomButton.swift; sourceTree = "<group>"; };
		10703BEC2469BA02006DDA09 /* LoginViewModel.swift */ = {isa = PBXFileReference; lastKnownFileType = sourcecode.swift; path = LoginViewModel.swift; sourceTree = "<group>"; };
		10703BEE2469C1C9006DDA09 /* RegistrationViewModel.swift */ = {isa = PBXFileReference; lastKnownFileType = sourcecode.swift; path = RegistrationViewModel.swift; sourceTree = "<group>"; };
		10703BF32469F418006DDA09 /* GoogleService-Info.plist */ = {isa = PBXFileReference; fileEncoding = 4; lastKnownFileType = text.plist.xml; path = "GoogleService-Info.plist"; sourceTree = "<group>"; };
		10703BF5246A2B7E006DDA09 /* AuthService.swift */ = {isa = PBXFileReference; lastKnownFileType = sourcecode.swift; path = AuthService.swift; sourceTree = "<group>"; };
		10703BF7246B7428006DDA09 /* NewMessageController.swift */ = {isa = PBXFileReference; lastKnownFileType = sourcecode.swift; path = NewMessageController.swift; sourceTree = "<group>"; };
		10703BF9246B77AE006DDA09 /* UserCell.swift */ = {isa = PBXFileReference; lastKnownFileType = sourcecode.swift; path = UserCell.swift; sourceTree = "<group>"; };
		A0A3D11BC946B551217F8E76 /* Pods_FireChat.framework */ = {isa = PBXFileReference; explicitFileType = wrapper.framework; includeInIndex = 0; path = Pods_FireChat.framework; sourceTree = BUILT_PRODUCTS_DIR; };
		BF9FDE861D87D759FF776BCC /* Pods-FireChat.release.xcconfig */ = {isa = PBXFileReference; includeInIndex = 1; lastKnownFileType = text.xcconfig; name = "Pods-FireChat.release.xcconfig"; path = "Target Support Files/Pods-FireChat/Pods-FireChat.release.xcconfig"; sourceTree = "<group>"; };
		E7BF29EB06E7B2E19C503A5A /* Pods-FireChat.debug.xcconfig */ = {isa = PBXFileReference; includeInIndex = 1; lastKnownFileType = text.xcconfig; name = "Pods-FireChat.debug.xcconfig"; path = "Target Support Files/Pods-FireChat/Pods-FireChat.debug.xcconfig"; sourceTree = "<group>"; };
/* End PBXFileReference section */

/* Begin PBXFrameworksBuildPhase section */
		10703BBB2468DA91006DDA09 /* Frameworks */ = {
			isa = PBXFrameworksBuildPhase;
			buildActionMask = 2147483647;
			files = (
				42A0AC2F143548CD9B3D8EAE /* Pods_FireChat.framework in Frameworks */,
			);
			runOnlyForDeploymentPostprocessing = 0;
		};
/* End PBXFrameworksBuildPhase section */

/* Begin PBXGroup section */
		10703BB52468DA91006DDA09 = {
			isa = PBXGroup;
			children = (
				10703BC02468DA91006DDA09 /* FireChat */,
				10703BBF2468DA91006DDA09 /* Products */,
				2B6B6F5896C4BB0284B21F15 /* Pods */,
				C4E2575E4866F7F9C559B8EB /* Frameworks */,
			);
			sourceTree = "<group>";
		};
		10703BBF2468DA91006DDA09 /* Products */ = {
			isa = PBXGroup;
			children = (
				10703BBE2468DA91006DDA09 /* FireChat.app */,
			);
			name = Products;
			sourceTree = "<group>";
		};
		10703BC02468DA91006DDA09 /* FireChat */ = {
			isa = PBXGroup;
			children = (
				10703BDC2468DAD1006DDA09 /* Model */,
				10703BDB2468DACF006DDA09 /* View */,
				10703BDA2468DACD006DDA09 /* ViewModel */,
				10703BD92468DAC7006DDA09 /* Controller */,
				10703BD82468DAC4006DDA09 /* API */,
				10703BD52468DAB8006DDA09 /* Utilities */,
				10703BC12468DA91006DDA09 /* AppDelegate.swift */,
				10703BC32468DA91006DDA09 /* SceneDelegate.swift */,
				10703BC72468DA91006DDA09 /* Main.storyboard */,
				10703BCA2468DA92006DDA09 /* Assets.xcassets */,
				10703BCC2468DA92006DDA09 /* LaunchScreen.storyboard */,
				10703BCF2468DA92006DDA09 /* Info.plist */,
				10703BF32469F418006DDA09 /* GoogleService-Info.plist */,
			);
			path = FireChat;
			sourceTree = "<group>";
		};
		10703BD52468DAB8006DDA09 /* Utilities */ = {
			isa = PBXGroup;
			children = (
				10703BE42468E35D006DDA09 /* Extensions.swift */,
			);
			path = Utilities;
			sourceTree = "<group>";
		};
		10703BD82468DAC4006DDA09 /* API */ = {
			isa = PBXGroup;
			children = (
				10703BF5246A2B7E006DDA09 /* AuthService.swift */,
			);
			path = API;
			sourceTree = "<group>";
		};
		10703BD92468DAC7006DDA09 /* Controller */ = {
			isa = PBXGroup;
			children = (
				10703BDF2468E0AB006DDA09 /* Authentication */,
				10703BDD2468DB05006DDA09 /* ConversationsController.swift */,
				10703BF7246B7428006DDA09 /* NewMessageController.swift */,
			);
			path = Controller;
			sourceTree = "<group>";
		};
		10703BDA2468DACD006DDA09 /* ViewModel */ = {
			isa = PBXGroup;
			children = (
				10703BF02469C1DF006DDA09 /* Authentication */,
			);
			path = ViewModel;
			sourceTree = "<group>";
		};
		10703BDB2468DACF006DDA09 /* View */ = {
			isa = PBXGroup;
			children = (
				10703BE62468ECF1006DDA09 /* InputContainer.swift */,
				10703BE82468EF67006DDA09 /* CustomTextField.swift */,
				10703BEA24698AD0006DDA09 /* CustomButton.swift */,
				10703BF9246B77AE006DDA09 /* UserCell.swift */,
			);
			path = View;
			sourceTree = "<group>";
		};
		10703BDC2468DAD1006DDA09 /* Model */ = {
			isa = PBXGroup;
			children = (
			);
			path = Model;
			sourceTree = "<group>";
		};
		10703BDF2468E0AB006DDA09 /* Authentication */ = {
			isa = PBXGroup;
			children = (
				10703BE02468E0BD006DDA09 /* LoginController.swift */,
				10703BE22468E0C7006DDA09 /* RegistrationController.swift */,
			);
			path = Authentication;
			sourceTree = "<group>";
		};
		10703BF02469C1DF006DDA09 /* Authentication */ = {
			isa = PBXGroup;
			children = (
				10703BEC2469BA02006DDA09 /* LoginViewModel.swift */,
				10703BEE2469C1C9006DDA09 /* RegistrationViewModel.swift */,
			);
			path = Authentication;
			sourceTree = "<group>";
		};
		2B6B6F5896C4BB0284B21F15 /* Pods */ = {
			isa = PBXGroup;
			children = (
				E7BF29EB06E7B2E19C503A5A /* Pods-FireChat.debug.xcconfig */,
				BF9FDE861D87D759FF776BCC /* Pods-FireChat.release.xcconfig */,
			);
			path = Pods;
			sourceTree = "<group>";
		};
		C4E2575E4866F7F9C559B8EB /* Frameworks */ = {
			isa = PBXGroup;
			children = (
				A0A3D11BC946B551217F8E76 /* Pods_FireChat.framework */,
			);
			name = Frameworks;
			sourceTree = "<group>";
		};
/* End PBXGroup section */

/* Begin PBXNativeTarget section */
		10703BBD2468DA91006DDA09 /* FireChat */ = {
			isa = PBXNativeTarget;
			buildConfigurationList = 10703BD22468DA92006DDA09 /* Build configuration list for PBXNativeTarget "FireChat" */;
			buildPhases = (
				49B68604E3BD55848BF66B3E /* [CP] Check Pods Manifest.lock */,
				10703BBA2468DA91006DDA09 /* Sources */,
				10703BBB2468DA91006DDA09 /* Frameworks */,
				10703BBC2468DA91006DDA09 /* Resources */,
				B49A29C172FDF66BB40B541D /* [CP] Embed Pods Frameworks */,
			);
			buildRules = (
			);
			dependencies = (
			);
			name = FireChat;
			productName = FireChat;
			productReference = 10703BBE2468DA91006DDA09 /* FireChat.app */;
			productType = "com.apple.product-type.application";
		};
/* End PBXNativeTarget section */

/* Begin PBXProject section */
		10703BB62468DA91006DDA09 /* Project object */ = {
			isa = PBXProject;
			attributes = {
				LastSwiftUpdateCheck = 1130;
				LastUpgradeCheck = 1130;
				ORGANIZATIONNAME = "Mohammad Shayan";
				TargetAttributes = {
					10703BBD2468DA91006DDA09 = {
						CreatedOnToolsVersion = 11.3.1;
					};
				};
			};
			buildConfigurationList = 10703BB92468DA91006DDA09 /* Build configuration list for PBXProject "FireChat" */;
			compatibilityVersion = "Xcode 9.3";
			developmentRegion = en;
			hasScannedForEncodings = 0;
			knownRegions = (
				en,
				Base,
			);
			mainGroup = 10703BB52468DA91006DDA09;
			productRefGroup = 10703BBF2468DA91006DDA09 /* Products */;
			projectDirPath = "";
			projectRoot = "";
			targets = (
				10703BBD2468DA91006DDA09 /* FireChat */,
			);
		};
/* End PBXProject section */

/* Begin PBXResourcesBuildPhase section */
		10703BBC2468DA91006DDA09 /* Resources */ = {
			isa = PBXResourcesBuildPhase;
			buildActionMask = 2147483647;
			files = (
				10703BCE2468DA92006DDA09 /* LaunchScreen.storyboard in Resources */,
				10703BF42469F418006DDA09 /* GoogleService-Info.plist in Resources */,
				10703BCB2468DA92006DDA09 /* Assets.xcassets in Resources */,
				10703BC92468DA91006DDA09 /* Main.storyboard in Resources */,
			);
			runOnlyForDeploymentPostprocessing = 0;
		};
/* End PBXResourcesBuildPhase section */

/* Begin PBXShellScriptBuildPhase section */
		49B68604E3BD55848BF66B3E /* [CP] Check Pods Manifest.lock */ = {
			isa = PBXShellScriptBuildPhase;
			buildActionMask = 2147483647;
			files = (
			);
			inputFileListPaths = (
			);
			inputPaths = (
				"${PODS_PODFILE_DIR_PATH}/Podfile.lock",
				"${PODS_ROOT}/Manifest.lock",
			);
			name = "[CP] Check Pods Manifest.lock";
			outputFileListPaths = (
			);
			outputPaths = (
				"$(DERIVED_FILE_DIR)/Pods-FireChat-checkManifestLockResult.txt",
			);
			runOnlyForDeploymentPostprocessing = 0;
			shellPath = /bin/sh;
			shellScript = "diff \"${PODS_PODFILE_DIR_PATH}/Podfile.lock\" \"${PODS_ROOT}/Manifest.lock\" > /dev/null\nif [ $? != 0 ] ; then\n    # print error to STDERR\n    echo \"error: The sandbox is not in sync with the Podfile.lock. Run 'pod install' or update your CocoaPods installation.\" >&2\n    exit 1\nfi\n# This output is used by Xcode 'outputs' to avoid re-running this script phase.\necho \"SUCCESS\" > \"${SCRIPT_OUTPUT_FILE_0}\"\n";
			showEnvVarsInLog = 0;
		};
		B49A29C172FDF66BB40B541D /* [CP] Embed Pods Frameworks */ = {
			isa = PBXShellScriptBuildPhase;
			buildActionMask = 2147483647;
			files = (
			);
			inputFileListPaths = (
				"${PODS_ROOT}/Target Support Files/Pods-FireChat/Pods-FireChat-frameworks-${CONFIGURATION}-input-files.xcfilelist",
			);
			name = "[CP] Embed Pods Frameworks";
			outputFileListPaths = (
				"${PODS_ROOT}/Target Support Files/Pods-FireChat/Pods-FireChat-frameworks-${CONFIGURATION}-output-files.xcfilelist",
			);
			runOnlyForDeploymentPostprocessing = 0;
			shellPath = /bin/sh;
			shellScript = "\"${PODS_ROOT}/Target Support Files/Pods-FireChat/Pods-FireChat-frameworks.sh\"\n";
			showEnvVarsInLog = 0;
		};
/* End PBXShellScriptBuildPhase section */

/* Begin PBXSourcesBuildPhase section */
		10703BBA2468DA91006DDA09 /* Sources */ = {
			isa = PBXSourcesBuildPhase;
			buildActionMask = 2147483647;
			files = (
				10703BC22468DA91006DDA09 /* AppDelegate.swift in Sources */,
				10703BEF2469C1C9006DDA09 /* RegistrationViewModel.swift in Sources */,
				10703BE52468E35D006DDA09 /* Extensions.swift in Sources */,
				10703BF6246A2B7E006DDA09 /* AuthService.swift in Sources */,
				10703BEB24698AD0006DDA09 /* CustomButton.swift in Sources */,
				10703BE12468E0BD006DDA09 /* LoginController.swift in Sources */,
				10703BFA246B77AE006DDA09 /* UserCell.swift in Sources */,
				10703BDE2468DB05006DDA09 /* ConversationsController.swift in Sources */,
				10703BE92468EF67006DDA09 /* CustomTextField.swift in Sources */,
				10703BE72468ECF1006DDA09 /* InputContainer.swift in Sources */,
				10703BE32468E0C7006DDA09 /* RegistrationController.swift in Sources */,
				10703BED2469BA02006DDA09 /* LoginViewModel.swift in Sources */,
				10703BC42468DA91006DDA09 /* SceneDelegate.swift in Sources */,
				10703BF8246B7428006DDA09 /* NewMessageController.swift in Sources */,
			);
			runOnlyForDeploymentPostprocessing = 0;
		};
/* End PBXSourcesBuildPhase section */

/* Begin PBXVariantGroup section */
		10703BC72468DA91006DDA09 /* Main.storyboard */ = {
			isa = PBXVariantGroup;
			children = (
				10703BC82468DA91006DDA09 /* Base */,
			);
			name = Main.storyboard;
			sourceTree = "<group>";
		};
		10703BCC2468DA92006DDA09 /* LaunchScreen.storyboard */ = {
			isa = PBXVariantGroup;
			children = (
				10703BCD2468DA92006DDA09 /* Base */,
			);
			name = LaunchScreen.storyboard;
			sourceTree = "<group>";
		};
/* End PBXVariantGroup section */

/* Begin XCBuildConfiguration section */
		10703BD02468DA92006DDA09 /* Debug */ = {
			isa = XCBuildConfiguration;
			buildSettings = {
				ALWAYS_SEARCH_USER_PATHS = NO;
				CLANG_ANALYZER_NONNULL = YES;
				CLANG_ANALYZER_NUMBER_OBJECT_CONVERSION = YES_AGGRESSIVE;
				CLANG_CXX_LANGUAGE_STANDARD = "gnu++14";
				CLANG_CXX_LIBRARY = "libc++";
				CLANG_ENABLE_MODULES = YES;
				CLANG_ENABLE_OBJC_ARC = YES;
				CLANG_ENABLE_OBJC_WEAK = YES;
				CLANG_WARN_BLOCK_CAPTURE_AUTORELEASING = YES;
				CLANG_WARN_BOOL_CONVERSION = YES;
				CLANG_WARN_COMMA = YES;
				CLANG_WARN_CONSTANT_CONVERSION = YES;
				CLANG_WARN_DEPRECATED_OBJC_IMPLEMENTATIONS = YES;
				CLANG_WARN_DIRECT_OBJC_ISA_USAGE = YES_ERROR;
				CLANG_WARN_DOCUMENTATION_COMMENTS = YES;
				CLANG_WARN_EMPTY_BODY = YES;
				CLANG_WARN_ENUM_CONVERSION = YES;
				CLANG_WARN_INFINITE_RECURSION = YES;
				CLANG_WARN_INT_CONVERSION = YES;
				CLANG_WARN_NON_LITERAL_NULL_CONVERSION = YES;
				CLANG_WARN_OBJC_IMPLICIT_RETAIN_SELF = YES;
				CLANG_WARN_OBJC_LITERAL_CONVERSION = YES;
				CLANG_WARN_OBJC_ROOT_CLASS = YES_ERROR;
				CLANG_WARN_RANGE_LOOP_ANALYSIS = YES;
				CLANG_WARN_STRICT_PROTOTYPES = YES;
				CLANG_WARN_SUSPICIOUS_MOVE = YES;
				CLANG_WARN_UNGUARDED_AVAILABILITY = YES_AGGRESSIVE;
				CLANG_WARN_UNREACHABLE_CODE = YES;
				CLANG_WARN__DUPLICATE_METHOD_MATCH = YES;
				COPY_PHASE_STRIP = NO;
				DEBUG_INFORMATION_FORMAT = dwarf;
				ENABLE_STRICT_OBJC_MSGSEND = YES;
				ENABLE_TESTABILITY = YES;
				GCC_C_LANGUAGE_STANDARD = gnu11;
				GCC_DYNAMIC_NO_PIC = NO;
				GCC_NO_COMMON_BLOCKS = YES;
				GCC_OPTIMIZATION_LEVEL = 0;
				GCC_PREPROCESSOR_DEFINITIONS = (
					"DEBUG=1",
					"$(inherited)",
				);
				GCC_WARN_64_TO_32_BIT_CONVERSION = YES;
				GCC_WARN_ABOUT_RETURN_TYPE = YES_ERROR;
				GCC_WARN_UNDECLARED_SELECTOR = YES;
				GCC_WARN_UNINITIALIZED_AUTOS = YES_AGGRESSIVE;
				GCC_WARN_UNUSED_FUNCTION = YES;
				GCC_WARN_UNUSED_VARIABLE = YES;
				IPHONEOS_DEPLOYMENT_TARGET = 13.2;
				MTL_ENABLE_DEBUG_INFO = INCLUDE_SOURCE;
				MTL_FAST_MATH = YES;
				ONLY_ACTIVE_ARCH = YES;
				SDKROOT = iphoneos;
				SWIFT_ACTIVE_COMPILATION_CONDITIONS = DEBUG;
				SWIFT_OPTIMIZATION_LEVEL = "-Onone";
			};
			name = Debug;
		};
		10703BD12468DA92006DDA09 /* Release */ = {
			isa = XCBuildConfiguration;
			buildSettings = {
				ALWAYS_SEARCH_USER_PATHS = NO;
				CLANG_ANALYZER_NONNULL = YES;
				CLANG_ANALYZER_NUMBER_OBJECT_CONVERSION = YES_AGGRESSIVE;
				CLANG_CXX_LANGUAGE_STANDARD = "gnu++14";
				CLANG_CXX_LIBRARY = "libc++";
				CLANG_ENABLE_MODULES = YES;
				CLANG_ENABLE_OBJC_ARC = YES;
				CLANG_ENABLE_OBJC_WEAK = YES;
				CLANG_WARN_BLOCK_CAPTURE_AUTORELEASING = YES;
				CLANG_WARN_BOOL_CONVERSION = YES;
				CLANG_WARN_COMMA = YES;
				CLANG_WARN_CONSTANT_CONVERSION = YES;
				CLANG_WARN_DEPRECATED_OBJC_IMPLEMENTATIONS = YES;
				CLANG_WARN_DIRECT_OBJC_ISA_USAGE = YES_ERROR;
				CLANG_WARN_DOCUMENTATION_COMMENTS = YES;
				CLANG_WARN_EMPTY_BODY = YES;
				CLANG_WARN_ENUM_CONVERSION = YES;
				CLANG_WARN_INFINITE_RECURSION = YES;
				CLANG_WARN_INT_CONVERSION = YES;
				CLANG_WARN_NON_LITERAL_NULL_CONVERSION = YES;
				CLANG_WARN_OBJC_IMPLICIT_RETAIN_SELF = YES;
				CLANG_WARN_OBJC_LITERAL_CONVERSION = YES;
				CLANG_WARN_OBJC_ROOT_CLASS = YES_ERROR;
				CLANG_WARN_RANGE_LOOP_ANALYSIS = YES;
				CLANG_WARN_STRICT_PROTOTYPES = YES;
				CLANG_WARN_SUSPICIOUS_MOVE = YES;
				CLANG_WARN_UNGUARDED_AVAILABILITY = YES_AGGRESSIVE;
				CLANG_WARN_UNREACHABLE_CODE = YES;
				CLANG_WARN__DUPLICATE_METHOD_MATCH = YES;
				COPY_PHASE_STRIP = NO;
				DEBUG_INFORMATION_FORMAT = "dwarf-with-dsym";
				ENABLE_NS_ASSERTIONS = NO;
				ENABLE_STRICT_OBJC_MSGSEND = YES;
				GCC_C_LANGUAGE_STANDARD = gnu11;
				GCC_NO_COMMON_BLOCKS = YES;
				GCC_WARN_64_TO_32_BIT_CONVERSION = YES;
				GCC_WARN_ABOUT_RETURN_TYPE = YES_ERROR;
				GCC_WARN_UNDECLARED_SELECTOR = YES;
				GCC_WARN_UNINITIALIZED_AUTOS = YES_AGGRESSIVE;
				GCC_WARN_UNUSED_FUNCTION = YES;
				GCC_WARN_UNUSED_VARIABLE = YES;
				IPHONEOS_DEPLOYMENT_TARGET = 13.2;
				MTL_ENABLE_DEBUG_INFO = NO;
				MTL_FAST_MATH = YES;
				SDKROOT = iphoneos;
				SWIFT_COMPILATION_MODE = wholemodule;
				SWIFT_OPTIMIZATION_LEVEL = "-O";
				VALIDATE_PRODUCT = YES;
			};
			name = Release;
		};
		10703BD32468DA92006DDA09 /* Debug */ = {
			isa = XCBuildConfiguration;
			baseConfigurationReference = E7BF29EB06E7B2E19C503A5A /* Pods-FireChat.debug.xcconfig */;
			buildSettings = {
				ASSETCATALOG_COMPILER_APPICON_NAME = AppIcon;
				CODE_SIGN_STYLE = Automatic;
				DEVELOPMENT_TEAM = HB98CM97SS;
				INFOPLIST_FILE = FireChat/Info.plist;
				LD_RUNPATH_SEARCH_PATHS = (
					"$(inherited)",
					"@executable_path/Frameworks",
				);
				PRODUCT_BUNDLE_IDENTIFIER = com.mshayanh13.FireChat;
				PRODUCT_NAME = "$(TARGET_NAME)";
				SWIFT_VERSION = 5.0;
				TARGETED_DEVICE_FAMILY = "1,2";
			};
			name = Debug;
		};
		10703BD42468DA92006DDA09 /* Release */ = {
			isa = XCBuildConfiguration;
			baseConfigurationReference = BF9FDE861D87D759FF776BCC /* Pods-FireChat.release.xcconfig */;
			buildSettings = {
				ASSETCATALOG_COMPILER_APPICON_NAME = AppIcon;
				CODE_SIGN_STYLE = Automatic;
				DEVELOPMENT_TEAM = HB98CM97SS;
				INFOPLIST_FILE = FireChat/Info.plist;
				LD_RUNPATH_SEARCH_PATHS = (
					"$(inherited)",
					"@executable_path/Frameworks",
				);
				PRODUCT_BUNDLE_IDENTIFIER = com.mshayanh13.FireChat;
				PRODUCT_NAME = "$(TARGET_NAME)";
				SWIFT_VERSION = 5.0;
				TARGETED_DEVICE_FAMILY = "1,2";
			};
			name = Release;
		};
/* End XCBuildConfiguration section */

/* Begin XCConfigurationList section */
		10703BB92468DA91006DDA09 /* Build configuration list for PBXProject "FireChat" */ = {
			isa = XCConfigurationList;
			buildConfigurations = (
				10703BD02468DA92006DDA09 /* Debug */,
				10703BD12468DA92006DDA09 /* Release */,
			);
			defaultConfigurationIsVisible = 0;
			defaultConfigurationName = Release;
		};
		10703BD22468DA92006DDA09 /* Build configuration list for PBXNativeTarget "FireChat" */ = {
			isa = XCConfigurationList;
			buildConfigurations = (
				10703BD32468DA92006DDA09 /* Debug */,
				10703BD42468DA92006DDA09 /* Release */,
			);
			defaultConfigurationIsVisible = 0;
			defaultConfigurationName = Release;
		};
/* End XCConfigurationList section */
	};
	rootObject = 10703BB62468DA91006DDA09 /* Project object */;
}
